
Microsoft Visual Studio Solution File, Format Version 12.00
# Visual Studio 15
VisualStudioVersion = 15.0.27004.2008
MinimumVisualStudioVersion = 10.0.40219.1
Project("{FAE04EC0-301F-11D3-BF4B-00C04F79EFBC}") = "RSA kryptering eksempel", "RSA kryptering eksempel\RSA kryptering eksempel.csproj", "{EA5313DA-4594-412C-8852-271FD4F8CBAF}"
EndProject
Global
	GlobalSection(SolutionConfigurationPlatforms) = preSolution
		Debug|Any CPU = Debug|Any CPU
		Release|Any CPU = Release|Any CPU
	EndGlobalSection
	GlobalSection(ProjectConfigurationPlatforms) = postSolution
		{EA5313DA-4594-412C-8852-271FD4F8CBAF}.Debug|Any CPU.ActiveCfg = Debug|Any CPU
		{EA5313DA-4594-412C-8852-271FD4F8CBAF}.Debug|Any CPU.Build.0 = Debug|Any CPU
		{EA5313DA-4594-412C-8852-271FD4F8CBAF}.Release|Any CPU.ActiveCfg = Release|Any CPU
		{EA5313DA-4594-412C-8852-271FD4F8CBAF}.Release|Any CPU.Build.0 = Release|Any CPU
	EndGlobalSection
	GlobalSection(SolutionProperties) = preSolution
		HideSolutionNode = FALSE
	EndGlobalSection
	GlobalSection(ExtensibilityGlobals) = postSolution
		SolutionGuid = {3EA67471-A42B-4F40-BC4B-0A43C3F11BB8}
	EndGlobalSection
EndGlobal
